{
  "name": "formulario-docker",
  "version": "1.0.0",
  "lockfileVersion": 3,
  "requires": true,
  "packages": {
    "": {
      "name": "formulario-docker",
      "version": "1.0.0",
      "dependencies": {
        "formulario-docker": "file:"
      }
    },
    "node_modules/formulario-docker": {
      "resolved": "",
      "link": true
    }
  }
}
